{
    "_meta": {
        "hash": {
            "sha256": "6b63d0cf8059f859e13d28d9c8d47fb65852d35d140116122c106c90c8fc3e11"
        },
        "pipfile-spec": 6,
        "requires": {
            "python_version": "3.8"
        },
        "sources": [
            {
                "name": "pypi",
                "url": "https://pypi.org/simple",
                "verify_ssl": true
            }
        ]
    },
    "default": {
        "pyperclip": {
            "hashes": [
                "sha256:105254a8b04934f0bc84e9c24eb360a591aaf6535c9def5f29d92af107a9bf57"
            ],
            "index": "pypi",
            "version": "==1.8.2"
        }
    },
    "develop": {}
}
